
Microsoft Visual Studio Solution File, Format Version 12.00
# Visual Studio Version 17
VisualStudioVersion = 17.9.34622.214
MinimumVisualStudioVersion = 10.0.40219.1
Project("{FAE04EC0-301F-11D3-BF4B-00C04F79EFBC}") = "To Do List App", "To Do List App\To Do List App.csproj", "{88DF7FAB-761F-40DA-8980-6DB3A5837E10}"
EndProject
Global
	GlobalSection(SolutionConfigurationPlatforms) = preSolution
		Debug|Any CPU = Debug|Any CPU
		Release|Any CPU = Release|Any CPU
	EndGlobalSection
	GlobalSection(ProjectConfigurationPlatforms) = postSolution
		{88DF7FAB-761F-40DA-8980-6DB3A5837E10}.Debug|Any CPU.ActiveCfg = Debug|Any CPU
		{88DF7FAB-761F-40DA-8980-6DB3A5837E10}.Debug|Any CPU.Build.0 = Debug|Any CPU
		{88DF7FAB-761F-40DA-8980-6DB3A5837E10}.Release|Any CPU.ActiveCfg = Release|Any CPU
		{88DF7FAB-761F-40DA-8980-6DB3A5837E10}.Release|Any CPU.Build.0 = Release|Any CPU
	EndGlobalSection
	GlobalSection(SolutionProperties) = preSolution
		HideSolutionNode = FALSE
	EndGlobalSection
	GlobalSection(ExtensibilityGlobals) = postSolution
		SolutionGuid = {5BD0C2C3-FD59-4B06-AA6E-B19550EE9DEC}
	EndGlobalSection
EndGlobal
